
Microsoft Visual Studio Solution File, Format Version 12.00
# Visual Studio 15
VisualStudioVersion = 15.0.28010.2046
MinimumVisualStudioVersion = 10.0.40219.1
Project("{FAE04EC0-301F-11D3-BF4B-00C04F79EFBC}") = "GumballMachine.Lib", "GumballMachine.Lib\GumballMachine.Lib.csproj", "{3EE1A2AB-D77D-467C-BA68-5052E503DD28}"
EndProject
Project("{FAE04EC0-301F-11D3-BF4B-00C04F79EFBC}") = "GumballMachine.Cli", "GumballMachine.Cli\GumballMachine.Cli.csproj", "{3172C79B-0E41-4701-A576-9C529CC66936}"
EndProject
Global
	GlobalSection(SolutionConfigurationPlatforms) = preSolution
		Debug|Any CPU = Debug|Any CPU
		Release|Any CPU = Release|Any CPU
	EndGlobalSection
	GlobalSection(ProjectConfigurationPlatforms) = postSolution
		{3EE1A2AB-D77D-467C-BA68-5052E503DD28}.Debug|Any CPU.ActiveCfg = Debug|Any CPU
		{3EE1A2AB-D77D-467C-BA68-5052E503DD28}.Debug|Any CPU.Build.0 = Debug|Any CPU
		{3EE1A2AB-D77D-467C-BA68-5052E503DD28}.Release|Any CPU.ActiveCfg = Release|Any CPU
		{3EE1A2AB-D77D-467C-BA68-5052E503DD28}.Release|Any CPU.Build.0 = Release|Any CPU
		{3172C79B-0E41-4701-A576-9C529CC66936}.Debug|Any CPU.ActiveCfg = Debug|Any CPU
		{3172C79B-0E41-4701-A576-9C529CC66936}.Debug|Any CPU.Build.0 = Debug|Any CPU
		{3172C79B-0E41-4701-A576-9C529CC66936}.Release|Any CPU.ActiveCfg = Release|Any CPU
		{3172C79B-0E41-4701-A576-9C529CC66936}.Release|Any CPU.Build.0 = Release|Any CPU
	EndGlobalSection
	GlobalSection(SolutionProperties) = preSolution
		HideSolutionNode = FALSE
	EndGlobalSection
	GlobalSection(ExtensibilityGlobals) = postSolution
		SolutionGuid = {40785567-5C8E-48E3-8AE9-A66AA989921F}
	EndGlobalSection
EndGlobal
